
Microsoft Visual Studio Solution File, Format Version 12.00
# Visual Studio 15
VisualStudioVersion = 15.0.28307.168
MinimumVisualStudioVersion = 10.0.40219.1
Project("{FAE04EC0-301F-11D3-BF4B-00C04F79EFBC}") = "ShapeUser", "ShapeUser\ShapeUser.csproj", "{FC75C9C9-F05C-4AF1-9569-EE3A1AAB329C}"
EndProject
Global
	GlobalSection(SolutionConfigurationPlatforms) = preSolution
		Debug|Any CPU = Debug|Any CPU
		Release|Any CPU = Release|Any CPU
	EndGlobalSection
	GlobalSection(ProjectConfigurationPlatforms) = postSolution
		{FC75C9C9-F05C-4AF1-9569-EE3A1AAB329C}.Debug|Any CPU.ActiveCfg = Debug|Any CPU
		{FC75C9C9-F05C-4AF1-9569-EE3A1AAB329C}.Debug|Any CPU.Build.0 = Debug|Any CPU
		{FC75C9C9-F05C-4AF1-9569-EE3A1AAB329C}.Release|Any CPU.ActiveCfg = Release|Any CPU
		{FC75C9C9-F05C-4AF1-9569-EE3A1AAB329C}.Release|Any CPU.Build.0 = Release|Any CPU
	EndGlobalSection
	GlobalSection(SolutionProperties) = preSolution
		HideSolutionNode = FALSE
	EndGlobalSection
	GlobalSection(ExtensibilityGlobals) = postSolution
		SolutionGuid = {74344893-5D79-444F-81A0-284FE722460D}
	EndGlobalSection
EndGlobal
