
Microsoft Visual Studio Solution File, Format Version 12.00
# Visual Studio 15
VisualStudioVersion = 15.0.28307.168
MinimumVisualStudioVersion = 10.0.40219.1
Project("{FAE04EC0-301F-11D3-BF4B-00C04F79EFBC}") = "ConsoleApp1", "ConsoleApp1\ConsoleApp1.csproj", "{6259D32D-960C-4E31-8092-7F41989FD898}"
EndProject
Global
	GlobalSection(SolutionConfigurationPlatforms) = preSolution
		Debug|Any CPU = Debug|Any CPU
		Release|Any CPU = Release|Any CPU
	EndGlobalSection
	GlobalSection(ProjectConfigurationPlatforms) = postSolution
		{6259D32D-960C-4E31-8092-7F41989FD898}.Debug|Any CPU.ActiveCfg = Debug|Any CPU
		{6259D32D-960C-4E31-8092-7F41989FD898}.Debug|Any CPU.Build.0 = Debug|Any CPU
		{6259D32D-960C-4E31-8092-7F41989FD898}.Release|Any CPU.ActiveCfg = Release|Any CPU
		{6259D32D-960C-4E31-8092-7F41989FD898}.Release|Any CPU.Build.0 = Release|Any CPU
	EndGlobalSection
	GlobalSection(SolutionProperties) = preSolution
		HideSolutionNode = FALSE
	EndGlobalSection
	GlobalSection(ExtensibilityGlobals) = postSolution
		SolutionGuid = {8B60EE30-5867-4A0F-8ECB-D8D6D17CE766}
	EndGlobalSection
EndGlobal
